// !$*UTF8*$!
{
	archiveVersion = 1;
	classes = {
	};
	objectVersion = 55;
	objects = {

/* Begin PBXBuildFile section */
		4E8A65A82853767000EC4F5B /* IONavigationExampleApp.swift in Sources */ = {isa = PBXBuildFile; fileRef = 4E8A65982853766F00EC4F5B /* IONavigationExampleApp.swift */; };
		4E8A65A92853767000EC4F5B /* IONavigationExampleApp.swift in Sources */ = {isa = PBXBuildFile; fileRef = 4E8A65982853766F00EC4F5B /* IONavigationExampleApp.swift */; };
		4E8A65AA2853767000EC4F5B /* BasicView.swift in Sources */ = {isa = PBXBuildFile; fileRef = 4E8A65992853766F00EC4F5B /* BasicView.swift */; };
		4E8A65AB2853767000EC4F5B /* BasicView.swift in Sources */ = {isa = PBXBuildFile; fileRef = 4E8A65992853766F00EC4F5B /* BasicView.swift */; };
		4E8A65AC2853767000EC4F5B /* Assets.xcassets in Resources */ = {isa = PBXBuildFile; fileRef = 4E8A659A2853767000EC4F5B /* Assets.xcassets */; };
		4E8A65AD2853767000EC4F5B /* Assets.xcassets in Resources */ = {isa = PBXBuildFile; fileRef = 4E8A659A2853767000EC4F5B /* Assets.xcassets */; };
		4E8A65BB2853773400EC4F5B /* NavigatorView.swift in Sources */ = {isa = PBXBuildFile; fileRef = 4E8A65BA2853773400EC4F5B /* NavigatorView.swift */; };
		4E8A65BC2853773400EC4F5B /* NavigatorView.swift in Sources */ = {isa = PBXBuildFile; fileRef = 4E8A65BA2853773400EC4F5B /* NavigatorView.swift */; };
		4E8A65BF2853776B00EC4F5B /* IONavigation in Frameworks */ = {isa = PBXBuildFile; productRef = 4E8A65BE2853776B00EC4F5B /* IONavigation */; };
		4E8A65C12853777500EC4F5B /* IONavigation in Frameworks */ = {isa = PBXBuildFile; productRef = 4E8A65C02853777500EC4F5B /* IONavigation */; };
		4E8A65C72853785A00EC4F5B /* HomeTab.swift in Sources */ = {isa = PBXBuildFile; fileRef = 4E8A65C62853785A00EC4F5B /* HomeTab.swift */; };
		4E8A65C82853785A00EC4F5B /* HomeTab.swift in Sources */ = {isa = PBXBuildFile; fileRef = 4E8A65C62853785A00EC4F5B /* HomeTab.swift */; };
		4E8A65CB2853786500EC4F5B /* LibraryTab.swift in Sources */ = {isa = PBXBuildFile; fileRef = 4E8A65CA2853786500EC4F5B /* LibraryTab.swift */; };
		4E8A65CC2853786500EC4F5B /* LibraryTab.swift in Sources */ = {isa = PBXBuildFile; fileRef = 4E8A65CA2853786500EC4F5B /* LibraryTab.swift */; };
		4E8A65CE2853787000EC4F5B /* SettingsTab.swift in Sources */ = {isa = PBXBuildFile; fileRef = 4E8A65CD2853787000EC4F5B /* SettingsTab.swift */; };
		4E8A65CF2853787000EC4F5B /* SettingsTab.swift in Sources */ = {isa = PBXBuildFile; fileRef = 4E8A65CD2853787000EC4F5B /* SettingsTab.swift */; };
		4EA39444285387050017BBC6 /* NavigationbarView.swift in Sources */ = {isa = PBXBuildFile; fileRef = 4EA39443285387050017BBC6 /* NavigationbarView.swift */; };
		4EA39445285387050017BBC6 /* NavigationbarView.swift in Sources */ = {isa = PBXBuildFile; fileRef = 4EA39443285387050017BBC6 /* NavigationbarView.swift */; };
		4EA394472853870C0017BBC6 /* NavigationbarSingleItemView.swift in Sources */ = {isa = PBXBuildFile; fileRef = 4EA394462853870C0017BBC6 /* NavigationbarSingleItemView.swift */; };
		4EA394482853870C0017BBC6 /* NavigationbarSingleItemView.swift in Sources */ = {isa = PBXBuildFile; fileRef = 4EA394462853870C0017BBC6 /* NavigationbarSingleItemView.swift */; };
		4EA3944A285388130017BBC6 /* NavigationbarMultipleItemsView.swift in Sources */ = {isa = PBXBuildFile; fileRef = 4EA39449285388130017BBC6 /* NavigationbarMultipleItemsView.swift */; };
		4EA3944B285388130017BBC6 /* NavigationbarMultipleItemsView.swift in Sources */ = {isa = PBXBuildFile; fileRef = 4EA39449285388130017BBC6 /* NavigationbarMultipleItemsView.swift */; };
/* End PBXBuildFile section */

/* Begin PBXFileReference section */
		4E8A65982853766F00EC4F5B /* IONavigationExampleApp.swift */ = {isa = PBXFileReference; lastKnownFileType = sourcecode.swift; path = IONavigationExampleApp.swift; sourceTree = "<group>"; };
		4E8A65992853766F00EC4F5B /* BasicView.swift */ = {isa = PBXFileReference; lastKnownFileType = sourcecode.swift; path = BasicView.swift; sourceTree = "<group>"; };
		4E8A659A2853767000EC4F5B /* Assets.xcassets */ = {isa = PBXFileReference; lastKnownFileType = folder.assetcatalog; path = Assets.xcassets; sourceTree = "<group>"; };
		4E8A659F2853767000EC4F5B /* IONavigationExample.app */ = {isa = PBXFileReference; explicitFileType = wrapper.application; includeInIndex = 0; path = IONavigationExample.app; sourceTree = BUILT_PRODUCTS_DIR; };
		4E8A65A52853767000EC4F5B /* IONavigationExample.app */ = {isa = PBXFileReference; explicitFileType = wrapper.application; includeInIndex = 0; path = IONavigationExample.app; sourceTree = BUILT_PRODUCTS_DIR; };
		4E8A65A72853767000EC4F5B /* macOS.entitlements */ = {isa = PBXFileReference; lastKnownFileType = text.plist.entitlements; path = macOS.entitlements; sourceTree = "<group>"; };
		4E8A65B72853769800EC4F5B /* IONavigation */ = {isa = PBXFileReference; lastKnownFileType = wrapper; name = IONavigation; path = ..; sourceTree = "<group>"; };
		4E8A65BA2853773400EC4F5B /* NavigatorView.swift */ = {isa = PBXFileReference; lastKnownFileType = sourcecode.swift; path = NavigatorView.swift; sourceTree = "<group>"; };
		4E8A65C62853785A00EC4F5B /* HomeTab.swift */ = {isa = PBXFileReference; lastKnownFileType = sourcecode.swift; path = HomeTab.swift; sourceTree = "<group>"; };
		4E8A65CA2853786500EC4F5B /* LibraryTab.swift */ = {isa = PBXFileReference; lastKnownFileType = sourcecode.swift; path = LibraryTab.swift; sourceTree = "<group>"; };
		4E8A65CD2853787000EC4F5B /* SettingsTab.swift */ = {isa = PBXFileReference; lastKnownFileType = sourcecode.swift; path = SettingsTab.swift; sourceTree = "<group>"; };
		4EA39443285387050017BBC6 /* NavigationbarView.swift */ = {isa = PBXFileReference; lastKnownFileType = sourcecode.swift; path = NavigationbarView.swift; sourceTree = "<group>"; };
		4EA394462853870C0017BBC6 /* NavigationbarSingleItemView.swift */ = {isa = PBXFileReference; lastKnownFileType = sourcecode.swift; path = NavigationbarSingleItemView.swift; sourceTree = "<group>"; };
		4EA39449285388130017BBC6 /* NavigationbarMultipleItemsView.swift */ = {isa = PBXFileReference; lastKnownFileType = sourcecode.swift; path = NavigationbarMultipleItemsView.swift; sourceTree = "<group>"; };
/* End PBXFileReference section */

/* Begin PBXFrameworksBuildPhase section */
		4E8A659C2853767000EC4F5B /* Frameworks */ = {
			isa = PBXFrameworksBuildPhase;
			buildActionMask = 2147483647;
			files = (
				4E8A65C12853777500EC4F5B /* IONavigation in Frameworks */,
			);
			runOnlyForDeploymentPostprocessing = 0;
		};
		4E8A65A22853767000EC4F5B /* Frameworks */ = {
			isa = PBXFrameworksBuildPhase;
			buildActionMask = 2147483647;
			files = (
				4E8A65BF2853776B00EC4F5B /* IONavigation in Frameworks */,
			);
			runOnlyForDeploymentPostprocessing = 0;
		};
/* End PBXFrameworksBuildPhase section */

/* Begin PBXGroup section */
		4E8A65922853766F00EC4F5B = {
			isa = PBXGroup;
			children = (
				4E8A65B62853769800EC4F5B /* Packages */,
				4E8A65972853766F00EC4F5B /* Shared */,
				4E8A65A62853767000EC4F5B /* macOS */,
				4E8A65A02853767000EC4F5B /* Products */,
				4E8A65BD2853776B00EC4F5B /* Frameworks */,
			);
			sourceTree = "<group>";
		};
		4E8A65972853766F00EC4F5B /* Shared */ = {
			isa = PBXGroup;
			children = (
				4E8A659A2853767000EC4F5B /* Assets.xcassets */,
				4E8A65982853766F00EC4F5B /* IONavigationExampleApp.swift */,
				4E8A65C42853784400EC4F5B /* Navigation */,
				4E8A65C3285377A800EC4F5B /* Views */,
			);
			path = Shared;
			sourceTree = "<group>";
		};
		4E8A65A02853767000EC4F5B /* Products */ = {
			isa = PBXGroup;
			children = (
				4E8A659F2853767000EC4F5B /* IONavigationExample.app */,
				4E8A65A52853767000EC4F5B /* IONavigationExample.app */,
			);
			name = Products;
			sourceTree = "<group>";
		};
		4E8A65A62853767000EC4F5B /* macOS */ = {
			isa = PBXGroup;
			children = (
				4E8A65A72853767000EC4F5B /* macOS.entitlements */,
			);
			path = macOS;
			sourceTree = "<group>";
		};
		4E8A65B62853769800EC4F5B /* Packages */ = {
			isa = PBXGroup;
			children = (
				4E8A65B72853769800EC4F5B /* IONavigation */,
			);
			name = Packages;
			sourceTree = "<group>";
		};
		4E8A65BD2853776B00EC4F5B /* Frameworks */ = {
			isa = PBXGroup;
			children = (
			);
			name = Frameworks;
			sourceTree = "<group>";
		};
		4E8A65C3285377A800EC4F5B /* Views */ = {
			isa = PBXGroup;
			children = (
				4E8A65992853766F00EC4F5B /* BasicView.swift */,
				4EA39443285387050017BBC6 /* NavigationbarView.swift */,
				4EA394462853870C0017BBC6 /* NavigationbarSingleItemView.swift */,
				4EA39449285388130017BBC6 /* NavigationbarMultipleItemsView.swift */,
			);
			path = Views;
			sourceTree = "<group>";
		};
		4E8A65C42853784400EC4F5B /* Navigation */ = {
			isa = PBXGroup;
			children = (
				4E8A65BA2853773400EC4F5B /* NavigatorView.swift */,
				4E8A65C52853784A00EC4F5B /* Tabs */,
			);
			path = Navigation;
			sourceTree = "<group>";
		};
		4E8A65C52853784A00EC4F5B /* Tabs */ = {
			isa = PBXGroup;
			children = (
				4E8A65C62853785A00EC4F5B /* HomeTab.swift */,
				4E8A65CA2853786500EC4F5B /* LibraryTab.swift */,
				4E8A65CD2853787000EC4F5B /* SettingsTab.swift */,
			);
			path = Tabs;
			sourceTree = "<group>";
		};
/* End PBXGroup section */

/* Begin PBXNativeTarget section */
		4E8A659E2853767000EC4F5B /* IONavigationExample (iOS) */ = {
			isa = PBXNativeTarget;
			buildConfigurationList = 4E8A65B02853767000EC4F5B /* Build configuration list for PBXNativeTarget "IONavigationExample (iOS)" */;
			buildPhases = (
				4E8A659B2853767000EC4F5B /* Sources */,
				4E8A659C2853767000EC4F5B /* Frameworks */,
				4E8A659D2853767000EC4F5B /* Resources */,
			);
			buildRules = (
			);
			dependencies = (
			);
			name = "IONavigationExample (iOS)";
			packageProductDependencies = (
				4E8A65C02853777500EC4F5B /* IONavigation */,
			);
			productName = "IONavigationExample (iOS)";
			productReference = 4E8A659F2853767000EC4F5B /* IONavigationExample.app */;
			productType = "com.apple.product-type.application";
		};
		4E8A65A42853767000EC4F5B /* IONavigationExample (macOS) */ = {
			isa = PBXNativeTarget;
			buildConfigurationList = 4E8A65B32853767000EC4F5B /* Build configuration list for PBXNativeTarget "IONavigationExample (macOS)" */;
			buildPhases = (
				4E8A65A12853767000EC4F5B /* Sources */,
				4E8A65A22853767000EC4F5B /* Frameworks */,
				4E8A65A32853767000EC4F5B /* Resources */,
			);
			buildRules = (
			);
			dependencies = (
			);
			name = "IONavigationExample (macOS)";
			packageProductDependencies = (
				4E8A65BE2853776B00EC4F5B /* IONavigation */,
			);
			productName = "IONavigationExample (macOS)";
			productReference = 4E8A65A52853767000EC4F5B /* IONavigationExample.app */;
			productType = "com.apple.product-type.application";
		};
/* End PBXNativeTarget section */

/* Begin PBXProject section */
		4E8A65932853766F00EC4F5B /* Project object */ = {
			isa = PBXProject;
			attributes = {
				BuildIndependentTargetsInParallel = 1;
				LastSwiftUpdateCheck = 1340;
				LastUpgradeCheck = 1400;
				TargetAttributes = {
					4E8A659E2853767000EC4F5B = {
						CreatedOnToolsVersion = 13.4.1;
					};
					4E8A65A42853767000EC4F5B = {
						CreatedOnToolsVersion = 13.4.1;
					};
				};
			};
			buildConfigurationList = 4E8A65962853766F00EC4F5B /* Build configuration list for PBXProject "IONavigationExample" */;
			compatibilityVersion = "Xcode 13.0";
			developmentRegion = en;
			hasScannedForEncodings = 0;
			knownRegions = (
				en,
				Base,
			);
			mainGroup = 4E8A65922853766F00EC4F5B;
			productRefGroup = 4E8A65A02853767000EC4F5B /* Products */;
			projectDirPath = "";
			projectRoot = "";
			targets = (
				4E8A659E2853767000EC4F5B /* IONavigationExample (iOS) */,
				4E8A65A42853767000EC4F5B /* IONavigationExample (macOS) */,
			);
		};
/* End PBXProject section */

/* Begin PBXResourcesBuildPhase section */
		4E8A659D2853767000EC4F5B /* Resources */ = {
			isa = PBXResourcesBuildPhase;
			buildActionMask = 2147483647;
			files = (
				4E8A65AC2853767000EC4F5B /* Assets.xcassets in Resources */,
			);
			runOnlyForDeploymentPostprocessing = 0;
		};
		4E8A65A32853767000EC4F5B /* Resources */ = {
			isa = PBXResourcesBuildPhase;
			buildActionMask = 2147483647;
			files = (
				4E8A65AD2853767000EC4F5B /* Assets.xcassets in Resources */,
			);
			runOnlyForDeploymentPostprocessing = 0;
		};
/* End PBXResourcesBuildPhase section */

/* Begin PBXSourcesBuildPhase section */
		4E8A659B2853767000EC4F5B /* Sources */ = {
			isa = PBXSourcesBuildPhase;
			buildActionMask = 2147483647;
			files = (
				4E8A65C72853785A00EC4F5B /* HomeTab.swift in Sources */,
				4E8A65CE2853787000EC4F5B /* SettingsTab.swift in Sources */,
				4E8A65CB2853786500EC4F5B /* LibraryTab.swift in Sources */,
				4E8A65AA2853767000EC4F5B /* BasicView.swift in Sources */,
				4EA3944A285388130017BBC6 /* NavigationbarMultipleItemsView.swift in Sources */,
				4E8A65BB2853773400EC4F5B /* NavigatorView.swift in Sources */,
				4EA394472853870C0017BBC6 /* NavigationbarSingleItemView.swift in Sources */,
				4EA39444285387050017BBC6 /* NavigationbarView.swift in Sources */,
				4E8A65A82853767000EC4F5B /* IONavigationExampleApp.swift in Sources */,
			);
			runOnlyForDeploymentPostprocessing = 0;
		};
		4E8A65A12853767000EC4F5B /* Sources */ = {
			isa = PBXSourcesBuildPhase;
			buildActionMask = 2147483647;
			files = (
				4E8A65C82853785A00EC4F5B /* HomeTab.swift in Sources */,
				4E8A65CF2853787000EC4F5B /* SettingsTab.swift in Sources */,
				4E8A65CC2853786500EC4F5B /* LibraryTab.swift in Sources */,
				4E8A65AB2853767000EC4F5B /* BasicView.swift in Sources */,
				4EA3944B285388130017BBC6 /* NavigationbarMultipleItemsView.swift in Sources */,
				4E8A65BC2853773400EC4F5B /* NavigatorView.swift in Sources */,
				4EA394482853870C0017BBC6 /* NavigationbarSingleItemView.swift in Sources */,
				4EA39445285387050017BBC6 /* NavigationbarView.swift in Sources */,
				4E8A65A92853767000EC4F5B /* IONavigationExampleApp.swift in Sources */,
			);
			runOnlyForDeploymentPostprocessing = 0;
		};
/* End PBXSourcesBuildPhase section */

/* Begin XCBuildConfiguration section */
		4E8A65AE2853767000EC4F5B /* Debug */ = {
			isa = XCBuildConfiguration;
			buildSettings = {
				ALWAYS_SEARCH_USER_PATHS = NO;
				CLANG_ANALYZER_NONNULL = YES;
				CLANG_ANALYZER_NUMBER_OBJECT_CONVERSION = YES_AGGRESSIVE;
				CLANG_CXX_LANGUAGE_STANDARD = "gnu++17";
				CLANG_ENABLE_MODULES = YES;
				CLANG_ENABLE_OBJC_ARC = YES;
				CLANG_ENABLE_OBJC_WEAK = YES;
				CLANG_WARN_BLOCK_CAPTURE_AUTORELEASING = YES;
				CLANG_WARN_BOOL_CONVERSION = YES;
				CLANG_WARN_COMMA = YES;
				CLANG_WARN_CONSTANT_CONVERSION = YES;
				CLANG_WARN_DEPRECATED_OBJC_IMPLEMENTATIONS = YES;
				CLANG_WARN_DIRECT_OBJC_ISA_USAGE = YES_ERROR;
				CLANG_WARN_DOCUMENTATION_COMMENTS = YES;
				CLANG_WARN_EMPTY_BODY = YES;
				CLANG_WARN_ENUM_CONVERSION = YES;
				CLANG_WARN_INFINITE_RECURSION = YES;
				CLANG_WARN_INT_CONVERSION = YES;
				CLANG_WARN_NON_LITERAL_NULL_CONVERSION = YES;
				CLANG_WARN_OBJC_IMPLICIT_RETAIN_SELF = YES;
				CLANG_WARN_OBJC_LITERAL_CONVERSION = YES;
				CLANG_WARN_OBJC_ROOT_CLASS = YES_ERROR;
				CLANG_WARN_QUOTED_INCLUDE_IN_FRAMEWORK_HEADER = YES;
				CLANG_WARN_RANGE_LOOP_ANALYSIS = YES;
				CLANG_WARN_STRICT_PROTOTYPES = YES;
				CLANG_WARN_SUSPICIOUS_MOVE = YES;
				CLANG_WARN_UNGUARDED_AVAILABILITY = YES_AGGRESSIVE;
				CLANG_WARN_UNREACHABLE_CODE = YES;
				CLANG_WARN__DUPLICATE_METHOD_MATCH = YES;
				COPY_PHASE_STRIP = NO;
				DEAD_CODE_STRIPPING = YES;
				DEBUG_INFORMATION_FORMAT = dwarf;
				ENABLE_STRICT_OBJC_MSGSEND = YES;
				ENABLE_TESTABILITY = YES;
				GCC_C_LANGUAGE_STANDARD = gnu11;
				GCC_DYNAMIC_NO_PIC = NO;
				GCC_NO_COMMON_BLOCKS = YES;
				GCC_OPTIMIZATION_LEVEL = 0;
				GCC_PREPROCESSOR_DEFINITIONS = (
					"DEBUG=1",
					"$(inherited)",
				);
				GCC_WARN_64_TO_32_BIT_CONVERSION = YES;
				GCC_WARN_ABOUT_RETURN_TYPE = YES_ERROR;
				GCC_WARN_UNDECLARED_SELECTOR = YES;
				GCC_WARN_UNINITIALIZED_AUTOS = YES_AGGRESSIVE;
				GCC_WARN_UNUSED_FUNCTION = YES;
				GCC_WARN_UNUSED_VARIABLE = YES;
				IPHONEOS_DEPLOYMENT_TARGET = 15.0;
				MACOSX_DEPLOYMENT_TARGET = 12.0;
				MTL_ENABLE_DEBUG_INFO = INCLUDE_SOURCE;
				MTL_FAST_MATH = YES;
				ONLY_ACTIVE_ARCH = YES;
				SWIFT_ACTIVE_COMPILATION_CONDITIONS = DEBUG;
				SWIFT_OPTIMIZATION_LEVEL = "-Onone";
			};
			name = Debug;
		};
		4E8A65AF2853767000EC4F5B /* Release */ = {
			isa = XCBuildConfiguration;
			buildSettings = {
				ALWAYS_SEARCH_USER_PATHS = NO;
				CLANG_ANALYZER_NONNULL = YES;
				CLANG_ANALYZER_NUMBER_OBJECT_CONVERSION = YES_AGGRESSIVE;
				CLANG_CXX_LANGUAGE_STANDARD = "gnu++17";
				CLANG_ENABLE_MODULES = YES;
				CLANG_ENABLE_OBJC_ARC = YES;
				CLANG_ENABLE_OBJC_WEAK = YES;
				CLANG_WARN_BLOCK_CAPTURE_AUTORELEASING = YES;
				CLANG_WARN_BOOL_CONVERSION = YES;
				CLANG_WARN_COMMA = YES;
				CLANG_WARN_CONSTANT_CONVERSION = YES;
				CLANG_WARN_DEPRECATED_OBJC_IMPLEMENTATIONS = YES;
				CLANG_WARN_DIRECT_OBJC_ISA_USAGE = YES_ERROR;
				CLANG_WARN_DOCUMENTATION_COMMENTS = YES;
				CLANG_WARN_EMPTY_BODY = YES;
				CLANG_WARN_ENUM_CONVERSION = YES;
				CLANG_WARN_INFINITE_RECURSION = YES;
				CLANG_WARN_INT_CONVERSION = YES;
				CLANG_WARN_NON_LITERAL_NULL_CONVERSION = YES;
				CLANG_WARN_OBJC_IMPLICIT_RETAIN_SELF = YES;
				CLANG_WARN_OBJC_LITERAL_CONVERSION = YES;
				CLANG_WARN_OBJC_ROOT_CLASS = YES_ERROR;
				CLANG_WARN_QUOTED_INCLUDE_IN_FRAMEWORK_HEADER = YES;
				CLANG_WARN_RANGE_LOOP_ANALYSIS = YES;
				CLANG_WARN_STRICT_PROTOTYPES = YES;
				CLANG_WARN_SUSPICIOUS_MOVE = YES;
				CLANG_WARN_UNGUARDED_AVAILABILITY = YES_AGGRESSIVE;
				CLANG_WARN_UNREACHABLE_CODE = YES;
				CLANG_WARN__DUPLICATE_METHOD_MATCH = YES;
				COPY_PHASE_STRIP = NO;
				DEAD_CODE_STRIPPING = YES;
				DEBUG_INFORMATION_FORMAT = "dwarf-with-dsym";
				ENABLE_NS_ASSERTIONS = NO;
				ENABLE_STRICT_OBJC_MSGSEND = YES;
				GCC_C_LANGUAGE_STANDARD = gnu11;
				GCC_NO_COMMON_BLOCKS = YES;
				GCC_WARN_64_TO_32_BIT_CONVERSION = YES;
				GCC_WARN_ABOUT_RETURN_TYPE = YES_ERROR;
				GCC_WARN_UNDECLARED_SELECTOR = YES;
				GCC_WARN_UNINITIALIZED_AUTOS = YES_AGGRESSIVE;
				GCC_WARN_UNUSED_FUNCTION = YES;
				GCC_WARN_UNUSED_VARIABLE = YES;
				IPHONEOS_DEPLOYMENT_TARGET = 15.0;
				MACOSX_DEPLOYMENT_TARGET = 12.0;
				MTL_ENABLE_DEBUG_INFO = NO;
				MTL_FAST_MATH = YES;
				SWIFT_COMPILATION_MODE = wholemodule;
				SWIFT_OPTIMIZATION_LEVEL = "-O";
			};
			name = Release;
		};
		4E8A65B12853767000EC4F5B /* Debug */ = {
			isa = XCBuildConfiguration;
			buildSettings = {
				ASSETCATALOG_COMPILER_APPICON_NAME = AppIcon;
				ASSETCATALOG_COMPILER_GLOBAL_ACCENT_COLOR_NAME = AccentColor;
				CODE_SIGN_STYLE = Automatic;
				CURRENT_PROJECT_VERSION = 1;
				DEVELOPMENT_TEAM = LMC4PETVDG;
				ENABLE_PREVIEWS = YES;
				GENERATE_INFOPLIST_FILE = YES;
				INFOPLIST_KEY_LSApplicationCategoryType = "public.app-category.developer-tools";
				INFOPLIST_KEY_UIApplicationSceneManifest_Generation = YES;
				INFOPLIST_KEY_UIApplicationSupportsIndirectInputEvents = YES;
				INFOPLIST_KEY_UILaunchScreen_Generation = YES;
				INFOPLIST_KEY_UISupportedInterfaceOrientations_iPad = "UIInterfaceOrientationPortrait UIInterfaceOrientationPortraitUpsideDown UIInterfaceOrientationLandscapeLeft UIInterfaceOrientationLandscapeRight";
				INFOPLIST_KEY_UISupportedInterfaceOrientations_iPhone = "UIInterfaceOrientationPortrait UIInterfaceOrientationLandscapeLeft UIInterfaceOrientationLandscapeRight";
				IPHONEOS_DEPLOYMENT_TARGET = 15.0;
				LD_RUNPATH_SEARCH_PATHS = (
					"$(inherited)",
					"@executable_path/Frameworks",
				);
				MARKETING_VERSION = 1.0.0;
				PRODUCT_BUNDLE_IDENTIFIER = io.kaevin.IONavigationExample;
				PRODUCT_NAME = IONavigationExample;
				SDKROOT = iphoneos;
				SUPPORTED_PLATFORMS = "iphoneos iphonesimulator";
				SUPPORTS_MACCATALYST = NO;
				SUPPORTS_MAC_DESIGNED_FOR_IPHONE_IPAD = NO;
				SWIFT_EMIT_LOC_STRINGS = YES;
				SWIFT_VERSION = 5.0;
				TARGETED_DEVICE_FAMILY = "1,2";
			};
			name = Debug;
		};
		4E8A65B22853767000EC4F5B /* Release */ = {
			isa = XCBuildConfiguration;
			buildSettings = {
				ASSETCATALOG_COMPILER_APPICON_NAME = AppIcon;
				ASSETCATALOG_COMPILER_GLOBAL_ACCENT_COLOR_NAME = AccentColor;
				CODE_SIGN_STYLE = Automatic;
				CURRENT_PROJECT_VERSION = 1;
				DEVELOPMENT_TEAM = LMC4PETVDG;
				ENABLE_PREVIEWS = YES;
				GENERATE_INFOPLIST_FILE = YES;
				INFOPLIST_KEY_LSApplicationCategoryType = "public.app-category.developer-tools";
				INFOPLIST_KEY_UIApplicationSceneManifest_Generation = YES;
				INFOPLIST_KEY_UIApplicationSupportsIndirectInputEvents = YES;
				INFOPLIST_KEY_UILaunchScreen_Generation = YES;
				INFOPLIST_KEY_UISupportedInterfaceOrientations_iPad = "UIInterfaceOrientationPortrait UIInterfaceOrientationPortraitUpsideDown UIInterfaceOrientationLandscapeLeft UIInterfaceOrientationLandscapeRight";
				INFOPLIST_KEY_UISupportedInterfaceOrientations_iPhone = "UIInterfaceOrientationPortrait UIInterfaceOrientationLandscapeLeft UIInterfaceOrientationLandscapeRight";
				IPHONEOS_DEPLOYMENT_TARGET = 15.0;
				LD_RUNPATH_SEARCH_PATHS = (
					"$(inherited)",
					"@executable_path/Frameworks",
				);
				MARKETING_VERSION = 1.0.0;
				PRODUCT_BUNDLE_IDENTIFIER = io.kaevin.IONavigationExample;
				PRODUCT_NAME = IONavigationExample;
				SDKROOT = iphoneos;
				SUPPORTED_PLATFORMS = "iphoneos iphonesimulator";
				SUPPORTS_MACCATALYST = NO;
				SUPPORTS_MAC_DESIGNED_FOR_IPHONE_IPAD = NO;
				SWIFT_EMIT_LOC_STRINGS = YES;
				SWIFT_VERSION = 5.0;
				TARGETED_DEVICE_FAMILY = "1,2";
				VALIDATE_PRODUCT = YES;
			};
			name = Release;
		};
		4E8A65B42853767000EC4F5B /* Debug */ = {
			isa = XCBuildConfiguration;
			buildSettings = {
				ASSETCATALOG_COMPILER_APPICON_NAME = AppIcon;
				ASSETCATALOG_COMPILER_GLOBAL_ACCENT_COLOR_NAME = AccentColor;
				CODE_SIGN_ENTITLEMENTS = macOS/macOS.entitlements;
				CODE_SIGN_IDENTITY = "-";
				CODE_SIGN_STYLE = Automatic;
				COMBINE_HIDPI_IMAGES = YES;
				CURRENT_PROJECT_VERSION = 1;
				DEAD_CODE_STRIPPING = YES;
				DEVELOPMENT_TEAM = LMC4PETVDG;
				ENABLE_HARDENED_RUNTIME = YES;
				ENABLE_PREVIEWS = YES;
				GENERATE_INFOPLIST_FILE = YES;
				INFOPLIST_KEY_LSApplicationCategoryType = "public.app-category.developer-tools";
				INFOPLIST_KEY_NSHumanReadableCopyright = "";
				LD_RUNPATH_SEARCH_PATHS = (
					"$(inherited)",
					"@executable_path/../Frameworks",
				);
				MACOSX_DEPLOYMENT_TARGET = 12.0;
				MARKETING_VERSION = 1.0.0;
				PRODUCT_BUNDLE_IDENTIFIER = io.kaevin.IONavigationExample;
				PRODUCT_NAME = IONavigationExample;
				SDKROOT = macosx;
				SWIFT_EMIT_LOC_STRINGS = YES;
				SWIFT_VERSION = 5.0;
			};
			name = Debug;
		};
		4E8A65B52853767000EC4F5B /* Release */ = {
			isa = XCBuildConfiguration;
			buildSettings = {
				ASSETCATALOG_COMPILER_APPICON_NAME = AppIcon;
				ASSETCATALOG_COMPILER_GLOBAL_ACCENT_COLOR_NAME = AccentColor;
				CODE_SIGN_ENTITLEMENTS = macOS/macOS.entitlements;
				CODE_SIGN_IDENTITY = "-";
				CODE_SIGN_STYLE = Automatic;
				COMBINE_HIDPI_IMAGES = YES;
				CURRENT_PROJECT_VERSION = 1;
				DEAD_CODE_STRIPPING = YES;
				DEVELOPMENT_TEAM = LMC4PETVDG;
				ENABLE_HARDENED_RUNTIME = YES;
				ENABLE_PREVIEWS = YES;
				GENERATE_INFOPLIST_FILE = YES;
				INFOPLIST_KEY_LSApplicationCategoryType = "public.app-category.developer-tools";
				INFOPLIST_KEY_NSHumanReadableCopyright = "";
				LD_RUNPATH_SEARCH_PATHS = (
					"$(inherited)",
					"@executable_path/../Frameworks",
				);
				MACOSX_DEPLOYMENT_TARGET = 12.0;
				MARKETING_VERSION = 1.0.0;
				PRODUCT_BUNDLE_IDENTIFIER = io.kaevin.IONavigationExample;
				PRODUCT_NAME = IONavigationExample;
				SDKROOT = macosx;
				SWIFT_EMIT_LOC_STRINGS = YES;
				SWIFT_VERSION = 5.0;
			};
			name = Release;
		};
/* End XCBuildConfiguration section */

/* Begin XCConfigurationList section */
		4E8A65962853766F00EC4F5B /* Build configuration list for PBXProject "IONavigationExample" */ = {
			isa = XCConfigurationList;
			buildConfigurations = (
				4E8A65AE2853767000EC4F5B /* Debug */,
				4E8A65AF2853767000EC4F5B /* Release */,
			);
			defaultConfigurationIsVisible = 0;
			defaultConfigurationName = Release;
		};
		4E8A65B02853767000EC4F5B /* Build configuration list for PBXNativeTarget "IONavigationExample (iOS)" */ = {
			isa = XCConfigurationList;
			buildConfigurations = (
				4E8A65B12853767000EC4F5B /* Debug */,
				4E8A65B22853767000EC4F5B /* Release */,
			);
			defaultConfigurationIsVisible = 0;
			defaultConfigurationName = Release;
		};
		4E8A65B32853767000EC4F5B /* Build configuration list for PBXNativeTarget "IONavigationExample (macOS)" */ = {
			isa = XCConfigurationList;
			buildConfigurations = (
				4E8A65B42853767000EC4F5B /* Debug */,
				4E8A65B52853767000EC4F5B /* Release */,
			);
			defaultConfigurationIsVisible = 0;
			defaultConfigurationName = Release;
		};
/* End XCConfigurationList section */

/* Begin XCSwiftPackageProductDependency section */
		4E8A65BE2853776B00EC4F5B /* IONavigation */ = {
			isa = XCSwiftPackageProductDependency;
			productName = IONavigation;
		};
		4E8A65C02853777500EC4F5B /* IONavigation */ = {
			isa = XCSwiftPackageProductDependency;
			productName = IONavigation;
		};
/* End XCSwiftPackageProductDependency section */
	};
	rootObject = 4E8A65932853766F00EC4F5B /* Project object */;
}
